
Microsoft Visual Studio Solution File, Format Version 12.00
# Visual Studio 2013
VisualStudioVersion = 12.0.31101.0
MinimumVisualStudioVersion = 10.0.40219.1
Project("{FAE04EC0-301F-11D3-BF4B-00C04F79EFBC}") = "BootParkJSON", "BootParkJSON\BootParkJSON.csproj", "{79A9DCCA-981A-40BD-8923-0E4B4A848557}"
EndProject
Global
	GlobalSection(SolutionConfigurationPlatforms) = preSolution
		Debug|Any CPU = Debug|Any CPU
		Release|Any CPU = Release|Any CPU
	EndGlobalSection
	GlobalSection(ProjectConfigurationPlatforms) = postSolution
		{79A9DCCA-981A-40BD-8923-0E4B4A848557}.Debug|Any CPU.ActiveCfg = Debug|Any CPU
		{79A9DCCA-981A-40BD-8923-0E4B4A848557}.Debug|Any CPU.Build.0 = Debug|Any CPU
		{79A9DCCA-981A-40BD-8923-0E4B4A848557}.Release|Any CPU.ActiveCfg = Release|Any CPU
		{79A9DCCA-981A-40BD-8923-0E4B4A848557}.Release|Any CPU.Build.0 = Release|Any CPU
	EndGlobalSection
	GlobalSection(SolutionProperties) = preSolution
		HideSolutionNode = FALSE
	EndGlobalSection
EndGlobal
